schema: '2.0'
stages:
  load_data:
    cmd: python src/stage_01_load_save.py --config=config/config.yaml
    deps:
    - path: config/config.yaml
      md5: 5ff7db6d94c4fce624ff486369464afa
      size: 270
    - path: src/stage_01_load_save.py
      md5: 16c6de78c61bd7fa8e60c683b6028b2e
      size: 1049
    - path: src/utils/all_utils.py
      md5: d30fb376018b11eb91505a9884e9cf3b
      size: 490
    outs:
    - path: artifacts/raw_local_dir/data.csv
      md5: 6a883fd98624e18c0b7ce251f4fab4fb
      size: 100951
  always_run:
    cmd: python rough/test.py
    outs:
    - path: rough/test.txt
      md5: 0b26e313ed4a7ca6904b0e9369e5b957
      size: 19
